{
  "version": 1,
  "dependencies": {
    ".NETStandard,Version=v2.0": {
      "NETStandard.Library": {
        "type": "Direct",
        "requested": "[2.0.3, )",
        "resolved": "2.0.3",
        "contentHash": "st47PosZSHrjECdjeIzZQbzivYBJFv6P2nv4cj2ypdI204DO+vZ7l5raGMiX4eXMJ53RfOIg+/s4DHVZ54Nu2A==",
        "dependencies": {
          "Microsoft.NETCore.Platforms": "1.1.0"
        }
      },
      "PowerShellStandard.Library": {
        "type": "Direct",
        "requested": "[5.1.0-preview-06, )",
        "resolved": "5.1.0-preview-06",
        "contentHash": "WU9kA2S4y0v2JOhHQoUmGB4Anv5l15coxf9UzjP+DBaqG+kuN6LCh7mtEjeDJJCP2IGlBquqVKCOCAb6KoI+CQ=="
      },
      "Microsoft.NETCore.Platforms": {
        "type": "Transitive",
        "resolved": "1.1.0",
        "contentHash": "kz0PEW2lhqygehI/d6XsPCQzD7ff7gUJaVGPVETX611eadGsA3A877GdSlU0LRVMCTH/+P3o2iDTak+S08V2+A=="
      },
      "pri.essentials.abstractions": {
        "type": "Project"
      },
      "pri.essentials.dotnetprojects": {
        "type": "Project",
        "dependencies": {
          "Pri.Essentials.Abstractions": "[1.0.0, )"
        }
      }
    }
  }
}