
Microsoft Visual Studio Solution File, Format Version 12.00
# Visual Studio Version 18
VisualStudioVersion = 18.1.11312.151
MinimumVisualStudioVersion = 10.0.40219.1
Project("{FAE04EC0-301F-11D3-BF4B-00C04F79EFBC}") = "Pri.Essentials.DotnetProjects", "DotnetProjects\Pri.Essentials.DotnetProjects.csproj", "{8DF3E903-AADE-494A-9146-6E475EEF7362}"
EndProject
Project("{FAE04EC0-301F-11D3-BF4B-00C04F79EFBC}") = "Pri.Essentials.DotnetPsCmds", "DotnetPsCmds\Pri.Essentials.DotnetPsCmds.csproj", "{FBD02B2D-6DBB-4C4C-B159-D5A9FB42B45C}"
EndProject
Project("{FAE04EC0-301F-11D3-BF4B-00C04F79EFBC}") = "Tests", "Tests\Tests.csproj", "{30B006FE-9BB9-4D44-AAC3-6D03D557133D}"
EndProject
Project("{FAE04EC0-301F-11D3-BF4B-00C04F79EFBC}") = "Pri.Essentials.Abstractions", "Abstractions\Pri.Essentials.Abstractions.csproj", "{F3DF47F1-9E9A-4DF6-AE1D-726296391459}"
EndProject
Project("{2150E333-8FDC-42A3-9474-1A3956D46DE8}") = "workflows", "workflows", "{E9B3F43A-EA3B-4AC1-B2A8-BAD960E249DB}"
	ProjectSection(SolutionItems) = preProject
		..\.github\workflows\ci.yaml = ..\.github\workflows\ci.yaml
		..\.github\workflows\determine-next-release-version.yaml = ..\.github\workflows\determine-next-release-version.yaml
		..\.github\workflows\dotnet-build-and-verify.yaml = ..\.github\workflows\dotnet-build-and-verify.yaml
		..\.github\workflows\pr.yaml = ..\.github\workflows\pr.yaml
	EndProjectSection
EndProject
Project("{2150E333-8FDC-42A3-9474-1A3956D46DE8}") = "Pester", "Pester", "{868372A1-4B88-42B8-8FAF-0A298C49A50A}"
	ProjectSection(SolutionItems) = preProject
		Tests\Pester\Add-DotnetPackage.Tests.ps1 = Tests\Pester\Add-DotnetPackage.Tests.ps1
		Tests\Pester\Add-DotnetPackages.Tests.ps1 = Tests\Pester\Add-DotnetPackages.Tests.ps1
		Tests\Pester\Add-DotnetProject.Tests.ps1 = Tests\Pester\Add-DotnetProject.Tests.ps1
		Tests\Pester\Add-DotnetProjectReference.Tests.ps1 = Tests\Pester\Add-DotnetProjectReference.Tests.ps1
		Tests\Pester\New-DotnetBlazorProject.Tests.ps1 = Tests\Pester\New-DotnetBlazorProject.Tests.ps1
		Tests\Pester\New-DotnetClassLibProject.Tests.ps1 = Tests\Pester\New-DotnetClassLibProject.Tests.ps1
		Tests\Pester\New-DotnetConsoleProject.Tests.ps1 = Tests\Pester\New-DotnetConsoleProject.Tests.ps1
		Tests\Pester\New-DotnetSolution.Tests.ps1 = Tests\Pester\New-DotnetSolution.Tests.ps1
		Tests\Pester\New-DotnetWebapiProject.Tests.ps1 = Tests\Pester\New-DotnetWebapiProject.Tests.ps1
		Tests\Pester\New-DotnetWinformsProject.Tests.ps1 = Tests\Pester\New-DotnetWinformsProject.Tests.ps1
		Tests\Pester\New-DotnetWorkerProject.Tests.ps1 = Tests\Pester\New-DotnetWorkerProject.Tests.ps1
		Tests\Pester\New-DotnetXunit3Project.Tests.ps1 = Tests\Pester\New-DotnetXunit3Project.Tests.ps1
		Tests\Pester\New-DotnetXunitProject.Tests.ps1 = Tests\Pester\New-DotnetXunitProject.Tests.ps1
		Tests\Pester\Scaffolding.Tests.ps1 = Tests\Pester\Scaffolding.Tests.ps1
	EndProjectSection
EndProject
Project("{2150E333-8FDC-42A3-9474-1A3956D46DE8}") = "docs", "docs", "{7C024391-6C81-4827-83CB-27FC22768348}"
	ProjectSection(SolutionItems) = preProject
		..\README.md = ..\README.md
	EndProjectSection
EndProject
Global
	GlobalSection(SolutionConfigurationPlatforms) = preSolution
		Debug|Any CPU = Debug|Any CPU
		Debug|x64 = Debug|x64
		Debug|x86 = Debug|x86
		Release|Any CPU = Release|Any CPU
		Release|x64 = Release|x64
		Release|x86 = Release|x86
	EndGlobalSection
	GlobalSection(ProjectConfigurationPlatforms) = postSolution
		{8DF3E903-AADE-494A-9146-6E475EEF7362}.Debug|Any CPU.ActiveCfg = Debug|Any CPU
		{8DF3E903-AADE-494A-9146-6E475EEF7362}.Debug|Any CPU.Build.0 = Debug|Any CPU
		{8DF3E903-AADE-494A-9146-6E475EEF7362}.Debug|x64.ActiveCfg = Debug|Any CPU
		{8DF3E903-AADE-494A-9146-6E475EEF7362}.Debug|x64.Build.0 = Debug|Any CPU
		{8DF3E903-AADE-494A-9146-6E475EEF7362}.Debug|x86.ActiveCfg = Debug|Any CPU
		{8DF3E903-AADE-494A-9146-6E475EEF7362}.Debug|x86.Build.0 = Debug|Any CPU
		{8DF3E903-AADE-494A-9146-6E475EEF7362}.Release|Any CPU.ActiveCfg = Release|Any CPU
		{8DF3E903-AADE-494A-9146-6E475EEF7362}.Release|Any CPU.Build.0 = Release|Any CPU
		{8DF3E903-AADE-494A-9146-6E475EEF7362}.Release|x64.ActiveCfg = Release|Any CPU
		{8DF3E903-AADE-494A-9146-6E475EEF7362}.Release|x64.Build.0 = Release|Any CPU
		{8DF3E903-AADE-494A-9146-6E475EEF7362}.Release|x86.ActiveCfg = Release|Any CPU
		{8DF3E903-AADE-494A-9146-6E475EEF7362}.Release|x86.Build.0 = Release|Any CPU
		{FBD02B2D-6DBB-4C4C-B159-D5A9FB42B45C}.Debug|Any CPU.ActiveCfg = Debug|Any CPU
		{FBD02B2D-6DBB-4C4C-B159-D5A9FB42B45C}.Debug|Any CPU.Build.0 = Debug|Any CPU
		{FBD02B2D-6DBB-4C4C-B159-D5A9FB42B45C}.Debug|x64.ActiveCfg = Debug|Any CPU
		{FBD02B2D-6DBB-4C4C-B159-D5A9FB42B45C}.Debug|x64.Build.0 = Debug|Any CPU
		{FBD02B2D-6DBB-4C4C-B159-D5A9FB42B45C}.Debug|x86.ActiveCfg = Debug|Any CPU
		{FBD02B2D-6DBB-4C4C-B159-D5A9FB42B45C}.Debug|x86.Build.0 = Debug|Any CPU
		{FBD02B2D-6DBB-4C4C-B159-D5A9FB42B45C}.Release|Any CPU.ActiveCfg = Release|Any CPU
		{FBD02B2D-6DBB-4C4C-B159-D5A9FB42B45C}.Release|Any CPU.Build.0 = Release|Any CPU
		{FBD02B2D-6DBB-4C4C-B159-D5A9FB42B45C}.Release|x64.ActiveCfg = Release|Any CPU
		{FBD02B2D-6DBB-4C4C-B159-D5A9FB42B45C}.Release|x64.Build.0 = Release|Any CPU
		{FBD02B2D-6DBB-4C4C-B159-D5A9FB42B45C}.Release|x86.ActiveCfg = Release|Any CPU
		{FBD02B2D-6DBB-4C4C-B159-D5A9FB42B45C}.Release|x86.Build.0 = Release|Any CPU
		{30B006FE-9BB9-4D44-AAC3-6D03D557133D}.Debug|Any CPU.ActiveCfg = Debug|Any CPU
		{30B006FE-9BB9-4D44-AAC3-6D03D557133D}.Debug|Any CPU.Build.0 = Debug|Any CPU
		{30B006FE-9BB9-4D44-AAC3-6D03D557133D}.Debug|x64.ActiveCfg = Debug|Any CPU
		{30B006FE-9BB9-4D44-AAC3-6D03D557133D}.Debug|x64.Build.0 = Debug|Any CPU
		{30B006FE-9BB9-4D44-AAC3-6D03D557133D}.Debug|x86.ActiveCfg = Debug|Any CPU
		{30B006FE-9BB9-4D44-AAC3-6D03D557133D}.Debug|x86.Build.0 = Debug|Any CPU
		{30B006FE-9BB9-4D44-AAC3-6D03D557133D}.Release|Any CPU.ActiveCfg = Release|Any CPU
		{30B006FE-9BB9-4D44-AAC3-6D03D557133D}.Release|Any CPU.Build.0 = Release|Any CPU
		{30B006FE-9BB9-4D44-AAC3-6D03D557133D}.Release|x64.ActiveCfg = Release|Any CPU
		{30B006FE-9BB9-4D44-AAC3-6D03D557133D}.Release|x64.Build.0 = Release|Any CPU
		{30B006FE-9BB9-4D44-AAC3-6D03D557133D}.Release|x86.ActiveCfg = Release|Any CPU
		{30B006FE-9BB9-4D44-AAC3-6D03D557133D}.Release|x86.Build.0 = Release|Any CPU
		{F3DF47F1-9E9A-4DF6-AE1D-726296391459}.Debug|Any CPU.ActiveCfg = Debug|Any CPU
		{F3DF47F1-9E9A-4DF6-AE1D-726296391459}.Debug|Any CPU.Build.0 = Debug|Any CPU
		{F3DF47F1-9E9A-4DF6-AE1D-726296391459}.Debug|x64.ActiveCfg = Debug|Any CPU
		{F3DF47F1-9E9A-4DF6-AE1D-726296391459}.Debug|x64.Build.0 = Debug|Any CPU
		{F3DF47F1-9E9A-4DF6-AE1D-726296391459}.Debug|x86.ActiveCfg = Debug|Any CPU
		{F3DF47F1-9E9A-4DF6-AE1D-726296391459}.Debug|x86.Build.0 = Debug|Any CPU
		{F3DF47F1-9E9A-4DF6-AE1D-726296391459}.Release|Any CPU.ActiveCfg = Release|Any CPU
		{F3DF47F1-9E9A-4DF6-AE1D-726296391459}.Release|Any CPU.Build.0 = Release|Any CPU
		{F3DF47F1-9E9A-4DF6-AE1D-726296391459}.Release|x64.ActiveCfg = Release|Any CPU
		{F3DF47F1-9E9A-4DF6-AE1D-726296391459}.Release|x64.Build.0 = Release|Any CPU
		{F3DF47F1-9E9A-4DF6-AE1D-726296391459}.Release|x86.ActiveCfg = Release|Any CPU
		{F3DF47F1-9E9A-4DF6-AE1D-726296391459}.Release|x86.Build.0 = Release|Any CPU
	EndGlobalSection
	GlobalSection(SolutionProperties) = preSolution
		HideSolutionNode = FALSE
	EndGlobalSection
	GlobalSection(ExtensibilityGlobals) = postSolution
		SolutionGuid = {417A6A7D-AFF2-48F5-8198-1CCA798D9640}
	EndGlobalSection
EndGlobal
